
Microsoft Visual Studio Solution File, Format Version 12.00
# Visual Studio Version 17
VisualStudioVersion = 17.12.35506.116
MinimumVisualStudioVersion = 10.0.40219.1
Project("{FAE04EC0-301F-11D3-BF4B-00C04F79EFBC}") = "SGS2025Client", "SGS2025Client\SGS2025Client.csproj", "{F3ACEACC-AB6B-42E8-830C-B53173830CBD}"
EndProject
Project("{FAE04EC0-301F-11D3-BF4B-00C04F79EFBC}") = "SGS2025BlazorServer", "SGS2025BlazorServer\SGS2025BlazorServer.csproj", "{0E1A1411-FDF8-4AAA-921D-21EFF7382644}"
EndProject
Project("{FAE04EC0-301F-11D3-BF4B-00C04F79EFBC}") = "DahuaUICamera", "DahuaUICamera\DahuaUICamera.csproj", "{380B7385-9D41-4BEC-90CA-2956FB6D11D4}"
EndProject
Project("{FAE04EC0-301F-11D3-BF4B-00C04F79EFBC}") = "CMS_Data", "CMS_Data\CMS_Data.csproj", "{2329AA7C-BD00-4FF5-BA6D-A91060C36AF5}"
EndProject
Project("{FAE04EC0-301F-11D3-BF4B-00C04F79EFBC}") = "ConsoleApp1", "ConsoleApp1\ConsoleApp1.csproj", "{3A9C0D67-3F30-4EB3-8EDF-23C85FBD58BA}"
EndProject
Global
	GlobalSection(SolutionConfigurationPlatforms) = preSolution
		Debug|Any CPU = Debug|Any CPU
		Debug|x64 = Debug|x64
		Release|Any CPU = Release|Any CPU
		Release|x64 = Release|x64
	EndGlobalSection
	GlobalSection(ProjectConfigurationPlatforms) = postSolution
		{F3ACEACC-AB6B-42E8-830C-B53173830CBD}.Debug|Any CPU.ActiveCfg = Debug|Any CPU
		{F3ACEACC-AB6B-42E8-830C-B53173830CBD}.Debug|Any CPU.Build.0 = Debug|Any CPU
		{F3ACEACC-AB6B-42E8-830C-B53173830CBD}.Debug|Any CPU.Deploy.0 = Debug|Any CPU
		{F3ACEACC-AB6B-42E8-830C-B53173830CBD}.Debug|x64.ActiveCfg = Debug|Any CPU
		{F3ACEACC-AB6B-42E8-830C-B53173830CBD}.Debug|x64.Build.0 = Debug|Any CPU
		{F3ACEACC-AB6B-42E8-830C-B53173830CBD}.Debug|x64.Deploy.0 = Debug|Any CPU
		{F3ACEACC-AB6B-42E8-830C-B53173830CBD}.Release|Any CPU.ActiveCfg = Release|Any CPU
		{F3ACEACC-AB6B-42E8-830C-B53173830CBD}.Release|Any CPU.Build.0 = Release|Any CPU
		{F3ACEACC-AB6B-42E8-830C-B53173830CBD}.Release|Any CPU.Deploy.0 = Release|Any CPU
		{F3ACEACC-AB6B-42E8-830C-B53173830CBD}.Release|x64.ActiveCfg = Release|Any CPU
		{F3ACEACC-AB6B-42E8-830C-B53173830CBD}.Release|x64.Build.0 = Release|Any CPU
		{F3ACEACC-AB6B-42E8-830C-B53173830CBD}.Release|x64.Deploy.0 = Release|Any CPU
		{0E1A1411-FDF8-4AAA-921D-21EFF7382644}.Debug|Any CPU.ActiveCfg = Debug|Any CPU
		{0E1A1411-FDF8-4AAA-921D-21EFF7382644}.Debug|Any CPU.Build.0 = Debug|Any CPU
		{0E1A1411-FDF8-4AAA-921D-21EFF7382644}.Debug|x64.ActiveCfg = Debug|Any CPU
		{0E1A1411-FDF8-4AAA-921D-21EFF7382644}.Debug|x64.Build.0 = Debug|Any CPU
		{0E1A1411-FDF8-4AAA-921D-21EFF7382644}.Release|Any CPU.ActiveCfg = Release|Any CPU
		{0E1A1411-FDF8-4AAA-921D-21EFF7382644}.Release|Any CPU.Build.0 = Release|Any CPU
		{0E1A1411-FDF8-4AAA-921D-21EFF7382644}.Release|x64.ActiveCfg = Release|Any CPU
		{0E1A1411-FDF8-4AAA-921D-21EFF7382644}.Release|x64.Build.0 = Release|Any CPU
		{380B7385-9D41-4BEC-90CA-2956FB6D11D4}.Debug|Any CPU.ActiveCfg = Debug|Any CPU
		{380B7385-9D41-4BEC-90CA-2956FB6D11D4}.Debug|Any CPU.Build.0 = Debug|Any CPU
		{380B7385-9D41-4BEC-90CA-2956FB6D11D4}.Debug|x64.ActiveCfg = Debug|Any CPU
		{380B7385-9D41-4BEC-90CA-2956FB6D11D4}.Debug|x64.Build.0 = Debug|Any CPU
		{380B7385-9D41-4BEC-90CA-2956FB6D11D4}.Release|Any CPU.ActiveCfg = Release|Any CPU
		{380B7385-9D41-4BEC-90CA-2956FB6D11D4}.Release|Any CPU.Build.0 = Release|Any CPU
		{380B7385-9D41-4BEC-90CA-2956FB6D11D4}.Release|x64.ActiveCfg = Release|Any CPU
		{380B7385-9D41-4BEC-90CA-2956FB6D11D4}.Release|x64.Build.0 = Release|Any CPU
		{2329AA7C-BD00-4FF5-BA6D-A91060C36AF5}.Debug|Any CPU.ActiveCfg = Debug|Any CPU
		{2329AA7C-BD00-4FF5-BA6D-A91060C36AF5}.Debug|Any CPU.Build.0 = Debug|Any CPU
		{2329AA7C-BD00-4FF5-BA6D-A91060C36AF5}.Debug|x64.ActiveCfg = Debug|Any CPU
		{2329AA7C-BD00-4FF5-BA6D-A91060C36AF5}.Debug|x64.Build.0 = Debug|Any CPU
		{2329AA7C-BD00-4FF5-BA6D-A91060C36AF5}.Release|Any CPU.ActiveCfg = Release|Any CPU
		{2329AA7C-BD00-4FF5-BA6D-A91060C36AF5}.Release|Any CPU.Build.0 = Release|Any CPU
		{2329AA7C-BD00-4FF5-BA6D-A91060C36AF5}.Release|x64.ActiveCfg = Release|Any CPU
		{2329AA7C-BD00-4FF5-BA6D-A91060C36AF5}.Release|x64.Build.0 = Release|Any CPU
		{3A9C0D67-3F30-4EB3-8EDF-23C85FBD58BA}.Debug|Any CPU.ActiveCfg = Debug|Any CPU
		{3A9C0D67-3F30-4EB3-8EDF-23C85FBD58BA}.Debug|Any CPU.Build.0 = Debug|Any CPU
		{3A9C0D67-3F30-4EB3-8EDF-23C85FBD58BA}.Debug|x64.ActiveCfg = Debug|Any CPU
		{3A9C0D67-3F30-4EB3-8EDF-23C85FBD58BA}.Debug|x64.Build.0 = Debug|Any CPU
		{3A9C0D67-3F30-4EB3-8EDF-23C85FBD58BA}.Release|Any CPU.ActiveCfg = Release|Any CPU
		{3A9C0D67-3F30-4EB3-8EDF-23C85FBD58BA}.Release|Any CPU.Build.0 = Release|Any CPU
		{3A9C0D67-3F30-4EB3-8EDF-23C85FBD58BA}.Release|x64.ActiveCfg = Release|Any CPU
		{3A9C0D67-3F30-4EB3-8EDF-23C85FBD58BA}.Release|x64.Build.0 = Release|Any CPU
	EndGlobalSection
	GlobalSection(SolutionProperties) = preSolution
		HideSolutionNode = FALSE
	EndGlobalSection
EndGlobal
