
Microsoft Visual Studio Solution File, Format Version 12.00
# Visual Studio Version 17
VisualStudioVersion = 17.12.35506.116
MinimumVisualStudioVersion = 10.0.40219.1
Project("{FAE04EC0-301F-11D3-BF4B-00C04F79EFBC}") = "SGS2025Client", "SGS2025Client\SGS2025Client.csproj", "{F3ACEACC-AB6B-42E8-830C-B53173830CBD}"
EndProject
Project("{FAE04EC0-301F-11D3-BF4B-00C04F79EFBC}") = "SGS2025BlazorServer", "SGS2025BlazorServer\SGS2025BlazorServer.csproj", "{0E1A1411-FDF8-4AAA-921D-21EFF7382644}"
EndProject
Project("{FAE04EC0-301F-11D3-BF4B-00C04F79EFBC}") = "DahuaUICamera", "DahuaUICamera\DahuaUICamera.csproj", "{380B7385-9D41-4BEC-90CA-2956FB6D11D4}"
EndProject
Project("{FAE04EC0-301F-11D3-BF4B-00C04F79EFBC}") = "CMS_Data", "CMS_Data\CMS_Data.csproj", "{2329AA7C-BD00-4FF5-BA6D-A91060C36AF5}"
EndProject
Project("{FAE04EC0-301F-11D3-BF4B-00C04F79EFBC}") = "ConsoleApp1", "ConsoleApp1\ConsoleApp1.csproj", "{3A9C0D67-3F30-4EB3-8EDF-23C85FBD58BA}"
EndProject
Project("{FAE04EC0-301F-11D3-BF4B-00C04F79EFBC}") = "WinFormsAppTestScale", "WinFormsAppTestScale\WinFormsAppTestScale.csproj", "{515CC75D-4970-49C6-9A7A-18ABCCD8B074}"
EndProject
Project("{FAE04EC0-301F-11D3-BF4B-00C04F79EFBC}") = "SGS2025.Core", "SGS2025.Core\SGS2025.Core.csproj", "{0650F736-48B6-43EE-9112-9957437CEF78}"
EndProject
Project("{FAE04EC0-301F-11D3-BF4B-00C04F79EFBC}") = "WinFormsAppTest", "WinFormsAppTest\WinFormsAppTest.csproj", "{8DFD9A81-92D1-4942-AD0D-BFF75E919A88}"
EndProject
Project("{FAE04EC0-301F-11D3-BF4B-00C04F79EFBC}") = "ScaleKey", "ScaleKey\ScaleKey.csproj", "{4794CAE6-36F7-4EE5-925C-D4720FBC062F}"
EndProject
Project("{FAE04EC0-301F-11D3-BF4B-00C04F79EFBC}") = "LicensePlateVN", "LicensePlateVN\LicensePlateVN.csproj", "{158539AE-BEB7-4709-A6F8-E3C52BAB5579}"
EndProject
Project("{FAE04EC0-301F-11D3-BF4B-00C04F79EFBC}") = "ToolImage", "ToolImage\ToolImage.csproj", "{A006D2DA-DA24-428E-A33F-F0A564A5CABA}"
EndProject
Project("{FAE04EC0-301F-11D3-BF4B-00C04F79EFBC}") = "LicensePlateGrpcService", "LicensePlateGrpcService\LicensePlateGrpcService.csproj", "{7BFFFBFF-78F0-434E-9B14-12E4705D73A2}"
EndProject
Project("{FAE04EC0-301F-11D3-BF4B-00C04F79EFBC}") = "OcrGrpcClient", "OcrGrpcClient\OcrGrpcClient.csproj", "{8E4CDFAE-E0F6-49DC-A1EE-E2E8C7E4E497}"
EndProject
Global
	GlobalSection(SolutionConfigurationPlatforms) = preSolution
		Debug|Any CPU = Debug|Any CPU
		Debug|x64 = Debug|x64
		Release|Any CPU = Release|Any CPU
		Release|x64 = Release|x64
	EndGlobalSection
	GlobalSection(ProjectConfigurationPlatforms) = postSolution
		{F3ACEACC-AB6B-42E8-830C-B53173830CBD}.Debug|Any CPU.ActiveCfg = Debug|Any CPU
		{F3ACEACC-AB6B-42E8-830C-B53173830CBD}.Debug|Any CPU.Build.0 = Debug|Any CPU
		{F3ACEACC-AB6B-42E8-830C-B53173830CBD}.Debug|Any CPU.Deploy.0 = Debug|Any CPU
		{F3ACEACC-AB6B-42E8-830C-B53173830CBD}.Debug|x64.ActiveCfg = Debug|Any CPU
		{F3ACEACC-AB6B-42E8-830C-B53173830CBD}.Debug|x64.Build.0 = Debug|Any CPU
		{F3ACEACC-AB6B-42E8-830C-B53173830CBD}.Debug|x64.Deploy.0 = Debug|Any CPU
		{F3ACEACC-AB6B-42E8-830C-B53173830CBD}.Release|Any CPU.ActiveCfg = Release|Any CPU
		{F3ACEACC-AB6B-42E8-830C-B53173830CBD}.Release|Any CPU.Build.0 = Release|Any CPU
		{F3ACEACC-AB6B-42E8-830C-B53173830CBD}.Release|Any CPU.Deploy.0 = Release|Any CPU
		{F3ACEACC-AB6B-42E8-830C-B53173830CBD}.Release|x64.ActiveCfg = Release|Any CPU
		{F3ACEACC-AB6B-42E8-830C-B53173830CBD}.Release|x64.Build.0 = Release|Any CPU
		{F3ACEACC-AB6B-42E8-830C-B53173830CBD}.Release|x64.Deploy.0 = Release|Any CPU
		{0E1A1411-FDF8-4AAA-921D-21EFF7382644}.Debug|Any CPU.ActiveCfg = Debug|Any CPU
		{0E1A1411-FDF8-4AAA-921D-21EFF7382644}.Debug|Any CPU.Build.0 = Debug|Any CPU
		{0E1A1411-FDF8-4AAA-921D-21EFF7382644}.Debug|x64.ActiveCfg = Debug|Any CPU
		{0E1A1411-FDF8-4AAA-921D-21EFF7382644}.Debug|x64.Build.0 = Debug|Any CPU
		{0E1A1411-FDF8-4AAA-921D-21EFF7382644}.Release|Any CPU.ActiveCfg = Release|Any CPU
		{0E1A1411-FDF8-4AAA-921D-21EFF7382644}.Release|Any CPU.Build.0 = Release|Any CPU
		{0E1A1411-FDF8-4AAA-921D-21EFF7382644}.Release|x64.ActiveCfg = Release|Any CPU
		{0E1A1411-FDF8-4AAA-921D-21EFF7382644}.Release|x64.Build.0 = Release|Any CPU
		{380B7385-9D41-4BEC-90CA-2956FB6D11D4}.Debug|Any CPU.ActiveCfg = Debug|Any CPU
		{380B7385-9D41-4BEC-90CA-2956FB6D11D4}.Debug|Any CPU.Build.0 = Debug|Any CPU
		{380B7385-9D41-4BEC-90CA-2956FB6D11D4}.Debug|x64.ActiveCfg = Debug|Any CPU
		{380B7385-9D41-4BEC-90CA-2956FB6D11D4}.Debug|x64.Build.0 = Debug|Any CPU
		{380B7385-9D41-4BEC-90CA-2956FB6D11D4}.Release|Any CPU.ActiveCfg = Release|Any CPU
		{380B7385-9D41-4BEC-90CA-2956FB6D11D4}.Release|Any CPU.Build.0 = Release|Any CPU
		{380B7385-9D41-4BEC-90CA-2956FB6D11D4}.Release|x64.ActiveCfg = Release|Any CPU
		{380B7385-9D41-4BEC-90CA-2956FB6D11D4}.Release|x64.Build.0 = Release|Any CPU
		{2329AA7C-BD00-4FF5-BA6D-A91060C36AF5}.Debug|Any CPU.ActiveCfg = Debug|Any CPU
		{2329AA7C-BD00-4FF5-BA6D-A91060C36AF5}.Debug|Any CPU.Build.0 = Debug|Any CPU
		{2329AA7C-BD00-4FF5-BA6D-A91060C36AF5}.Debug|x64.ActiveCfg = Debug|Any CPU
		{2329AA7C-BD00-4FF5-BA6D-A91060C36AF5}.Debug|x64.Build.0 = Debug|Any CPU
		{2329AA7C-BD00-4FF5-BA6D-A91060C36AF5}.Release|Any CPU.ActiveCfg = Release|Any CPU
		{2329AA7C-BD00-4FF5-BA6D-A91060C36AF5}.Release|Any CPU.Build.0 = Release|Any CPU
		{2329AA7C-BD00-4FF5-BA6D-A91060C36AF5}.Release|x64.ActiveCfg = Release|Any CPU
		{2329AA7C-BD00-4FF5-BA6D-A91060C36AF5}.Release|x64.Build.0 = Release|Any CPU
		{3A9C0D67-3F30-4EB3-8EDF-23C85FBD58BA}.Debug|Any CPU.ActiveCfg = Debug|Any CPU
		{3A9C0D67-3F30-4EB3-8EDF-23C85FBD58BA}.Debug|Any CPU.Build.0 = Debug|Any CPU
		{3A9C0D67-3F30-4EB3-8EDF-23C85FBD58BA}.Debug|x64.ActiveCfg = Debug|Any CPU
		{3A9C0D67-3F30-4EB3-8EDF-23C85FBD58BA}.Debug|x64.Build.0 = Debug|Any CPU
		{3A9C0D67-3F30-4EB3-8EDF-23C85FBD58BA}.Release|Any CPU.ActiveCfg = Release|Any CPU
		{3A9C0D67-3F30-4EB3-8EDF-23C85FBD58BA}.Release|Any CPU.Build.0 = Release|Any CPU
		{3A9C0D67-3F30-4EB3-8EDF-23C85FBD58BA}.Release|x64.ActiveCfg = Release|Any CPU
		{3A9C0D67-3F30-4EB3-8EDF-23C85FBD58BA}.Release|x64.Build.0 = Release|Any CPU
		{515CC75D-4970-49C6-9A7A-18ABCCD8B074}.Debug|Any CPU.ActiveCfg = Debug|Any CPU
		{515CC75D-4970-49C6-9A7A-18ABCCD8B074}.Debug|Any CPU.Build.0 = Debug|Any CPU
		{515CC75D-4970-49C6-9A7A-18ABCCD8B074}.Debug|x64.ActiveCfg = Debug|Any CPU
		{515CC75D-4970-49C6-9A7A-18ABCCD8B074}.Debug|x64.Build.0 = Debug|Any CPU
		{515CC75D-4970-49C6-9A7A-18ABCCD8B074}.Release|Any CPU.ActiveCfg = Release|Any CPU
		{515CC75D-4970-49C6-9A7A-18ABCCD8B074}.Release|Any CPU.Build.0 = Release|Any CPU
		{515CC75D-4970-49C6-9A7A-18ABCCD8B074}.Release|x64.ActiveCfg = Release|Any CPU
		{515CC75D-4970-49C6-9A7A-18ABCCD8B074}.Release|x64.Build.0 = Release|Any CPU
		{0650F736-48B6-43EE-9112-9957437CEF78}.Debug|Any CPU.ActiveCfg = Debug|Any CPU
		{0650F736-48B6-43EE-9112-9957437CEF78}.Debug|Any CPU.Build.0 = Debug|Any CPU
		{0650F736-48B6-43EE-9112-9957437CEF78}.Debug|x64.ActiveCfg = Debug|Any CPU
		{0650F736-48B6-43EE-9112-9957437CEF78}.Debug|x64.Build.0 = Debug|Any CPU
		{0650F736-48B6-43EE-9112-9957437CEF78}.Release|Any CPU.ActiveCfg = Release|Any CPU
		{0650F736-48B6-43EE-9112-9957437CEF78}.Release|Any CPU.Build.0 = Release|Any CPU
		{0650F736-48B6-43EE-9112-9957437CEF78}.Release|x64.ActiveCfg = Release|Any CPU
		{0650F736-48B6-43EE-9112-9957437CEF78}.Release|x64.Build.0 = Release|Any CPU
		{8DFD9A81-92D1-4942-AD0D-BFF75E919A88}.Debug|Any CPU.ActiveCfg = Debug|Any CPU
		{8DFD9A81-92D1-4942-AD0D-BFF75E919A88}.Debug|Any CPU.Build.0 = Debug|Any CPU
		{8DFD9A81-92D1-4942-AD0D-BFF75E919A88}.Debug|x64.ActiveCfg = Debug|Any CPU
		{8DFD9A81-92D1-4942-AD0D-BFF75E919A88}.Debug|x64.Build.0 = Debug|Any CPU
		{8DFD9A81-92D1-4942-AD0D-BFF75E919A88}.Release|Any CPU.ActiveCfg = Release|Any CPU
		{8DFD9A81-92D1-4942-AD0D-BFF75E919A88}.Release|Any CPU.Build.0 = Release|Any CPU
		{8DFD9A81-92D1-4942-AD0D-BFF75E919A88}.Release|x64.ActiveCfg = Release|Any CPU
		{8DFD9A81-92D1-4942-AD0D-BFF75E919A88}.Release|x64.Build.0 = Release|Any CPU
		{4794CAE6-36F7-4EE5-925C-D4720FBC062F}.Debug|Any CPU.ActiveCfg = Debug|Any CPU
		{4794CAE6-36F7-4EE5-925C-D4720FBC062F}.Debug|Any CPU.Build.0 = Debug|Any CPU
		{4794CAE6-36F7-4EE5-925C-D4720FBC062F}.Debug|x64.ActiveCfg = Debug|Any CPU
		{4794CAE6-36F7-4EE5-925C-D4720FBC062F}.Debug|x64.Build.0 = Debug|Any CPU
		{4794CAE6-36F7-4EE5-925C-D4720FBC062F}.Release|Any CPU.ActiveCfg = Release|Any CPU
		{4794CAE6-36F7-4EE5-925C-D4720FBC062F}.Release|Any CPU.Build.0 = Release|Any CPU
		{4794CAE6-36F7-4EE5-925C-D4720FBC062F}.Release|x64.ActiveCfg = Release|Any CPU
		{4794CAE6-36F7-4EE5-925C-D4720FBC062F}.Release|x64.Build.0 = Release|Any CPU
		{158539AE-BEB7-4709-A6F8-E3C52BAB5579}.Debug|Any CPU.ActiveCfg = Debug|Any CPU
		{158539AE-BEB7-4709-A6F8-E3C52BAB5579}.Debug|Any CPU.Build.0 = Debug|Any CPU
		{158539AE-BEB7-4709-A6F8-E3C52BAB5579}.Debug|x64.ActiveCfg = Debug|x64
		{158539AE-BEB7-4709-A6F8-E3C52BAB5579}.Debug|x64.Build.0 = Debug|x64
		{158539AE-BEB7-4709-A6F8-E3C52BAB5579}.Release|Any CPU.ActiveCfg = Release|Any CPU
		{158539AE-BEB7-4709-A6F8-E3C52BAB5579}.Release|Any CPU.Build.0 = Release|Any CPU
		{158539AE-BEB7-4709-A6F8-E3C52BAB5579}.Release|x64.ActiveCfg = Release|x64
		{158539AE-BEB7-4709-A6F8-E3C52BAB5579}.Release|x64.Build.0 = Release|x64
		{A006D2DA-DA24-428E-A33F-F0A564A5CABA}.Debug|Any CPU.ActiveCfg = Debug|Any CPU
		{A006D2DA-DA24-428E-A33F-F0A564A5CABA}.Debug|Any CPU.Build.0 = Debug|Any CPU
		{A006D2DA-DA24-428E-A33F-F0A564A5CABA}.Debug|x64.ActiveCfg = Debug|Any CPU
		{A006D2DA-DA24-428E-A33F-F0A564A5CABA}.Debug|x64.Build.0 = Debug|Any CPU
		{A006D2DA-DA24-428E-A33F-F0A564A5CABA}.Release|Any CPU.ActiveCfg = Release|Any CPU
		{A006D2DA-DA24-428E-A33F-F0A564A5CABA}.Release|Any CPU.Build.0 = Release|Any CPU
		{A006D2DA-DA24-428E-A33F-F0A564A5CABA}.Release|x64.ActiveCfg = Release|Any CPU
		{A006D2DA-DA24-428E-A33F-F0A564A5CABA}.Release|x64.Build.0 = Release|Any CPU
		{7BFFFBFF-78F0-434E-9B14-12E4705D73A2}.Debug|Any CPU.ActiveCfg = Debug|Any CPU
		{7BFFFBFF-78F0-434E-9B14-12E4705D73A2}.Debug|Any CPU.Build.0 = Debug|Any CPU
		{7BFFFBFF-78F0-434E-9B14-12E4705D73A2}.Debug|x64.ActiveCfg = Debug|Any CPU
		{7BFFFBFF-78F0-434E-9B14-12E4705D73A2}.Debug|x64.Build.0 = Debug|Any CPU
		{7BFFFBFF-78F0-434E-9B14-12E4705D73A2}.Release|Any CPU.ActiveCfg = Release|Any CPU
		{7BFFFBFF-78F0-434E-9B14-12E4705D73A2}.Release|Any CPU.Build.0 = Release|Any CPU
		{7BFFFBFF-78F0-434E-9B14-12E4705D73A2}.Release|x64.ActiveCfg = Release|Any CPU
		{7BFFFBFF-78F0-434E-9B14-12E4705D73A2}.Release|x64.Build.0 = Release|Any CPU
		{8E4CDFAE-E0F6-49DC-A1EE-E2E8C7E4E497}.Debug|Any CPU.ActiveCfg = Debug|Any CPU
		{8E4CDFAE-E0F6-49DC-A1EE-E2E8C7E4E497}.Debug|Any CPU.Build.0 = Debug|Any CPU
		{8E4CDFAE-E0F6-49DC-A1EE-E2E8C7E4E497}.Debug|x64.ActiveCfg = Debug|Any CPU
		{8E4CDFAE-E0F6-49DC-A1EE-E2E8C7E4E497}.Debug|x64.Build.0 = Debug|Any CPU
		{8E4CDFAE-E0F6-49DC-A1EE-E2E8C7E4E497}.Release|Any CPU.ActiveCfg = Release|Any CPU
		{8E4CDFAE-E0F6-49DC-A1EE-E2E8C7E4E497}.Release|Any CPU.Build.0 = Release|Any CPU
		{8E4CDFAE-E0F6-49DC-A1EE-E2E8C7E4E497}.Release|x64.ActiveCfg = Release|Any CPU
		{8E4CDFAE-E0F6-49DC-A1EE-E2E8C7E4E497}.Release|x64.Build.0 = Release|Any CPU
	EndGlobalSection
	GlobalSection(SolutionProperties) = preSolution
		HideSolutionNode = FALSE
	EndGlobalSection
EndGlobal
